---
- name: Resolve instance
  ansible.builtin.include_tasks: >-
    {{ canasta_root }}/roles/common/tasks/resolve_instance.yml

- name: Unlock backup repository
  ansible.builtin.include_tasks: >-
    {{ canasta_root }}/roles/orchestrator/tasks/run_backup.yml
  vars:
    backup_args: ["unlock"]

- name: Display result
  ansible.builtin.debug:
    msg: "{{ _restic_result.stdout }}"
