---
- name: Resolve instance
  ansible.builtin.include_tasks: "{{ canasta_root }}/roles/common/tasks/resolve_instance.yml"

- name: Unlock backup repository
  ansible.builtin.include_tasks: "{{ canasta_root }}/roles/orchestrator/tasks/exec.yml"
  vars:
    exec_service: "{{ canasta_backup_service }}"
    exec_command: "restic unlock"

- name: Display result
  ansible.builtin.debug:
    msg: "{{ exec_result.stdout }}"
